{
  "object": {
    "pins": [
      {
        "package": "PListKit",
        "repositoryURL": "https://github.com/orchetect/PListKit",
        "state": {
          "branch": null,
          "revision": "19c045cb1a124ec0850384d7ead9c011d25d9eb2",
          "version": "1.0.1"
        }
      }
    ]
  },
  "version": 1
}
