{
  "object": {
    "pins": [
      {
        "package": "PListKit",
        "repositoryURL": "https://github.com/orchetect/PListKit",
        "state": {
          "branch": "master",
          "revision": "fc7cef1003cd69618ac08a9e60f08968f90927c7",
          "version": null
        }
      }
    ]
  },
  "version": 1
}
